// !$*UTF8*$!
{
	archiveVersion = 1;
	classes = {
	};
	objectVersion = 55;
	objects = {

/* Begin PBXBuildFile section */
		100730AC27C2220700AFAC23 /* LazyVHGrid.GridItems.swift in Sources */ = {isa = PBXBuildFile; fileRef = 100730AB27C2220700AFAC23 /* LazyVHGrid.GridItems.swift */; };
		100730B027C2363900AFAC23 /* SaveArea.swift in Sources */ = {isa = PBXBuildFile; fileRef = 100730AF27C2363900AFAC23 /* SaveArea.swift */; };
		1025E18E27C72897001AD6EA /* SheetsTransitionPopOver.swift in Sources */ = {isa = PBXBuildFile; fileRef = 1025E18D27C72897001AD6EA /* SheetsTransitionPopOver.swift */; };
		102E930327BF7C9100876725 /* Frame.swift in Sources */ = {isa = PBXBuildFile; fileRef = 102E930227BF7C9100876725 /* Frame.swift */; };
		103354A227BF3C7200F902A2 /* Colors.swift in Sources */ = {isa = PBXBuildFile; fileRef = 103354A127BF3C7200F902A2 /* Colors.swift */; };
		103354A427BF51A500F902A2 /* Gradients.swift in Sources */ = {isa = PBXBuildFile; fileRef = 103354A327BF51A500F902A2 /* Gradients.swift */; };
		103354A627BF5B6200F902A2 /* Icons.swift in Sources */ = {isa = PBXBuildFile; fileRef = 103354A527BF5B6200F902A2 /* Icons.swift */; };
		103354AE27BF67C900F902A2 /* ImageS.swift in Sources */ = {isa = PBXBuildFile; fileRef = 103354AD27BF67C900F902A2 /* ImageS.swift */; };
		104183AD27CE79EB004D2DB3 /* iTextField.swift in Sources */ = {isa = PBXBuildFile; fileRef = 104183AC27CE79EA004D2DB3 /* iTextField.swift */; };
		104183AF27CE93D9004D2DB3 /* iTextEditor.swift in Sources */ = {isa = PBXBuildFile; fileRef = 104183AE27CE93D9004D2DB3 /* iTextEditor.swift */; };
		104183B127CEA270004D2DB3 /* Toggle..swift in Sources */ = {isa = PBXBuildFile; fileRef = 104183B027CEA270004D2DB3 /* Toggle..swift */; };
		1043EE0827CD6AFB00E7A991 /* ActionSheets.swift in Sources */ = {isa = PBXBuildFile; fileRef = 1043EE0727CD6AFB00E7A991 /* ActionSheets.swift */; };
		104A3FD827CE115A00145C3D /* ContextMenu.swift in Sources */ = {isa = PBXBuildFile; fileRef = 104A3FD727CE115A00145C3D /* ContextMenu.swift */; };
		105D4E6627C0456900658DCD /* VHZ.Stackts.swift in Sources */ = {isa = PBXBuildFile; fileRef = 105D4E6527C0456900658DCD /* VHZ.Stackts.swift */; };
		105D4E6827C0604D00658DCD /* Padding.swift in Sources */ = {isa = PBXBuildFile; fileRef = 105D4E6727C0604D00658DCD /* Padding.swift */; };
		106F1F8D27C49AE000A60771 /* TernaryOperators.swift in Sources */ = {isa = PBXBuildFile; fileRef = 106F1F8C27C49AE000A60771 /* TernaryOperators.swift */; };
		1074EBD827C1F595000A96D8 /* ForEach.loops.swift in Sources */ = {isa = PBXBuildFile; fileRef = 1074EBD727C1F595000A96D8 /* ForEach.loops.swift */; };
		1074EBDA27C20A00000A96D8 /* sScrollVIew.swift in Sources */ = {isa = PBXBuildFile; fileRef = 1074EBD927C20A00000A96D8 /* sScrollVIew.swift */; };
		107D842727C34C55008BE955 /* ExtractFuncSubv.swift in Sources */ = {isa = PBXBuildFile; fileRef = 107D842627C34C55008BE955 /* ExtractFuncSubv.swift */; };
		107D842927C35F59008BE955 /* ExctractSubviews.swift in Sources */ = {isa = PBXBuildFile; fileRef = 107D842827C35F59008BE955 /* ExctractSubviews.swift */; };
		107D842B27C36838008BE955 /* bindingProperty.swift in Sources */ = {isa = PBXBuildFile; fileRef = 107D842A27C36838008BE955 /* bindingProperty.swift */; };
		107D842D27C38664008BE955 /* If.Else.swift in Sources */ = {isa = PBXBuildFile; fileRef = 107D842C27C38664008BE955 /* If.Else.swift */; };
		108C9FAB27C317F4001136C2 /* AState.swift in Sources */ = {isa = PBXBuildFile; fileRef = 108C9FAA27C317F4001136C2 /* AState.swift */; };
		109292AF27C9F64C007CD963 /* NavigatiomView.Link.swift in Sources */ = {isa = PBXBuildFile; fileRef = 109292AE27C9F64C007CD963 /* NavigatiomView.Link.swift */; };
		10BD330D27C5DDCA00B9FFA1 /* Transition.swift in Sources */ = {isa = PBXBuildFile; fileRef = 10BD330C27C5DDCA00B9FFA1 /* Transition.swift */; };
		10BD330F27C5F6CD00B9FFA1 /* popUpSheets.FullScreenCovers.swift in Sources */ = {isa = PBXBuildFile; fileRef = 10BD330E27C5F6CD00B9FFA1 /* popUpSheets.FullScreenCovers.swift */; };
		10C9DEAF27C4A18600482FD2 /* AddingAnimations.swift in Sources */ = {isa = PBXBuildFile; fileRef = 10C9DEAE27C4A18600482FD2 /* AddingAnimations.swift */; };
		10D88D8C27CBC4CF003AC3FC /* List.add.edit.move.del.items.swift in Sources */ = {isa = PBXBuildFile; fileRef = 10D88D8B27CBC4CF003AC3FC /* List.add.edit.move.del.items.swift */; };
		10D88D8E27CBFCFA003AC3FC /* Alerts.swift in Sources */ = {isa = PBXBuildFile; fileRef = 10D88D8D27CBFCFA003AC3FC /* Alerts.swift */; };
		10DE66B427BF177A004BBB1A /* swiftUIBootCampApp.swift in Sources */ = {isa = PBXBuildFile; fileRef = 10DE66B327BF177A004BBB1A /* swiftUIBootCampApp.swift */; };
		10DE66B627BF177A004BBB1A /* ContentView.swift in Sources */ = {isa = PBXBuildFile; fileRef = 10DE66B527BF177A004BBB1A /* ContentView.swift */; };
		10DE66B827BF177B004BBB1A /* Assets.xcassets in Resources */ = {isa = PBXBuildFile; fileRef = 10DE66B727BF177B004BBB1A /* Assets.xcassets */; };
		10DE66BB27BF177B004BBB1A /* Preview Assets.xcassets in Resources */ = {isa = PBXBuildFile; fileRef = 10DE66BA27BF177B004BBB1A /* Preview Assets.xcassets */; };
		10DE66C227BF1BEA004BBB1A /* Text.swift in Sources */ = {isa = PBXBuildFile; fileRef = 10DE66C127BF1BEA004BBB1A /* Text.swift */; };
		10DE66C427BF28A2004BBB1A /* Shapes.swift in Sources */ = {isa = PBXBuildFile; fileRef = 10DE66C327BF28A2004BBB1A /* Shapes.swift */; };
		10E5E4E027C01CC20053DC26 /* Background.Overlay.swift in Sources */ = {isa = PBXBuildFile; fileRef = 10E5E4DF27C01CC20053DC26 /* Background.Overlay.swift */; };
		10F0688C27C0A40200E13FA0 /* SpacerS.swift in Sources */ = {isa = PBXBuildFile; fileRef = 10F0688B27C0A40200E13FA0 /* SpacerS.swift */; };
		10F0688E27C0ADAD00E13FA0 /* Inits.Enums.swift in Sources */ = {isa = PBXBuildFile; fileRef = 10F0688D27C0ADAD00E13FA0 /* Inits.Enums.swift */; };
		10F7872127C51C6300D1A6FE /* AnimationCurves.swift in Sources */ = {isa = PBXBuildFile; fileRef = 10F7872027C51C6300D1A6FE /* AnimationCurves.swift */; };
		10FF019627C2EE430065E52C /* Buttons.swift in Sources */ = {isa = PBXBuildFile; fileRef = 10FF019527C2EE430065E52C /* Buttons.swift */; };
/* End PBXBuildFile section */

/* Begin PBXFileReference section */
		100730AB27C2220700AFAC23 /* LazyVHGrid.GridItems.swift */ = {isa = PBXFileReference; lastKnownFileType = sourcecode.swift; path = LazyVHGrid.GridItems.swift; sourceTree = "<group>"; };
		100730AF27C2363900AFAC23 /* SaveArea.swift */ = {isa = PBXFileReference; lastKnownFileType = sourcecode.swift; path = SaveArea.swift; sourceTree = "<group>"; };
		1025E18D27C72897001AD6EA /* SheetsTransitionPopOver.swift */ = {isa = PBXFileReference; lastKnownFileType = sourcecode.swift; path = SheetsTransitionPopOver.swift; sourceTree = "<group>"; };
		102E930227BF7C9100876725 /* Frame.swift */ = {isa = PBXFileReference; lastKnownFileType = sourcecode.swift; path = Frame.swift; sourceTree = "<group>"; };
		103354A127BF3C7200F902A2 /* Colors.swift */ = {isa = PBXFileReference; lastKnownFileType = sourcecode.swift; path = Colors.swift; sourceTree = "<group>"; };
		103354A327BF51A500F902A2 /* Gradients.swift */ = {isa = PBXFileReference; lastKnownFileType = sourcecode.swift; path = Gradients.swift; sourceTree = "<group>"; };
		103354A527BF5B6200F902A2 /* Icons.swift */ = {isa = PBXFileReference; lastKnownFileType = sourcecode.swift; path = Icons.swift; sourceTree = "<group>"; };
		103354AD27BF67C900F902A2 /* ImageS.swift */ = {isa = PBXFileReference; lastKnownFileType = sourcecode.swift; path = ImageS.swift; sourceTree = "<group>"; };
		104183AC27CE79EA004D2DB3 /* iTextField.swift */ = {isa = PBXFileReference; lastKnownFileType = sourcecode.swift; path = iTextField.swift; sourceTree = "<group>"; };
		104183AE27CE93D9004D2DB3 /* iTextEditor.swift */ = {isa = PBXFileReference; lastKnownFileType = sourcecode.swift; path = iTextEditor.swift; sourceTree = "<group>"; };
		104183B027CEA270004D2DB3 /* Toggle..swift */ = {isa = PBXFileReference; lastKnownFileType = sourcecode.swift; path = Toggle..swift; sourceTree = "<group>"; };
		1043EE0727CD6AFB00E7A991 /* ActionSheets.swift */ = {isa = PBXFileReference; lastKnownFileType = sourcecode.swift; path = ActionSheets.swift; sourceTree = "<group>"; };
		104A3FD727CE115A00145C3D /* ContextMenu.swift */ = {isa = PBXFileReference; lastKnownFileType = sourcecode.swift; path = ContextMenu.swift; sourceTree = "<group>"; };
		105D4E6527C0456900658DCD /* VHZ.Stackts.swift */ = {isa = PBXFileReference; lastKnownFileType = sourcecode.swift; path = VHZ.Stackts.swift; sourceTree = "<group>"; };
		105D4E6727C0604D00658DCD /* Padding.swift */ = {isa = PBXFileReference; lastKnownFileType = sourcecode.swift; path = Padding.swift; sourceTree = "<group>"; };
		106F1F8C27C49AE000A60771 /* TernaryOperators.swift */ = {isa = PBXFileReference; lastKnownFileType = sourcecode.swift; path = TernaryOperators.swift; sourceTree = "<group>"; };
		1074EBD727C1F595000A96D8 /* ForEach.loops.swift */ = {isa = PBXFileReference; lastKnownFileType = sourcecode.swift; path = ForEach.loops.swift; sourceTree = "<group>"; };
		1074EBD927C20A00000A96D8 /* sScrollVIew.swift */ = {isa = PBXFileReference; lastKnownFileType = sourcecode.swift; path = sScrollVIew.swift; sourceTree = "<group>"; };
		107D842627C34C55008BE955 /* ExtractFuncSubv.swift */ = {isa = PBXFileReference; lastKnownFileType = sourcecode.swift; path = ExtractFuncSubv.swift; sourceTree = "<group>"; };
		107D842827C35F59008BE955 /* ExctractSubviews.swift */ = {isa = PBXFileReference; lastKnownFileType = sourcecode.swift; path = ExctractSubviews.swift; sourceTree = "<group>"; };
		107D842A27C36838008BE955 /* bindingProperty.swift */ = {isa = PBXFileReference; lastKnownFileType = sourcecode.swift; path = bindingProperty.swift; sourceTree = "<group>"; };
		107D842C27C38664008BE955 /* If.Else.swift */ = {isa = PBXFileReference; lastKnownFileType = sourcecode.swift; path = If.Else.swift; sourceTree = "<group>"; };
		108C9FAA27C317F4001136C2 /* AState.swift */ = {isa = PBXFileReference; lastKnownFileType = sourcecode.swift; path = AState.swift; sourceTree = "<group>"; };
		109292AE27C9F64C007CD963 /* NavigatiomView.Link.swift */ = {isa = PBXFileReference; lastKnownFileType = sourcecode.swift; path = NavigatiomView.Link.swift; sourceTree = "<group>"; };
		10BD330C27C5DDCA00B9FFA1 /* Transition.swift */ = {isa = PBXFileReference; lastKnownFileType = sourcecode.swift; path = Transition.swift; sourceTree = "<group>"; };
		10BD330E27C5F6CD00B9FFA1 /* popUpSheets.FullScreenCovers.swift */ = {isa = PBXFileReference; lastKnownFileType = sourcecode.swift; path = popUpSheets.FullScreenCovers.swift; sourceTree = "<group>"; };
		10C9DEAE27C4A18600482FD2 /* AddingAnimations.swift */ = {isa = PBXFileReference; lastKnownFileType = sourcecode.swift; path = AddingAnimations.swift; sourceTree = "<group>"; };
		10D88D8B27CBC4CF003AC3FC /* List.add.edit.move.del.items.swift */ = {isa = PBXFileReference; lastKnownFileType = sourcecode.swift; path = List.add.edit.move.del.items.swift; sourceTree = "<group>"; };
		10D88D8D27CBFCFA003AC3FC /* Alerts.swift */ = {isa = PBXFileReference; lastKnownFileType = sourcecode.swift; path = Alerts.swift; sourceTree = "<group>"; };
		10DE66B027BF177A004BBB1A /* swiftUIBootCamp.app */ = {isa = PBXFileReference; explicitFileType = wrapper.application; includeInIndex = 0; path = swiftUIBootCamp.app; sourceTree = BUILT_PRODUCTS_DIR; };
		10DE66B327BF177A004BBB1A /* swiftUIBootCampApp.swift */ = {isa = PBXFileReference; lastKnownFileType = sourcecode.swift; path = swiftUIBootCampApp.swift; sourceTree = "<group>"; };
		10DE66B527BF177A004BBB1A /* ContentView.swift */ = {isa = PBXFileReference; lastKnownFileType = sourcecode.swift; path = ContentView.swift; sourceTree = "<group>"; };
		10DE66B727BF177B004BBB1A /* Assets.xcassets */ = {isa = PBXFileReference; lastKnownFileType = folder.assetcatalog; path = Assets.xcassets; sourceTree = "<group>"; };
		10DE66BA27BF177B004BBB1A /* Preview Assets.xcassets */ = {isa = PBXFileReference; lastKnownFileType = folder.assetcatalog; path = "Preview Assets.xcassets"; sourceTree = "<group>"; };
		10DE66C127BF1BEA004BBB1A /* Text.swift */ = {isa = PBXFileReference; lastKnownFileType = sourcecode.swift; path = Text.swift; sourceTree = "<group>"; };
		10DE66C327BF28A2004BBB1A /* Shapes.swift */ = {isa = PBXFileReference; lastKnownFileType = sourcecode.swift; path = Shapes.swift; sourceTree = "<group>"; };
		10E5E4DF27C01CC20053DC26 /* Background.Overlay.swift */ = {isa = PBXFileReference; lastKnownFileType = sourcecode.swift; path = Background.Overlay.swift; sourceTree = "<group>"; };
		10F0688B27C0A40200E13FA0 /* SpacerS.swift */ = {isa = PBXFileReference; lastKnownFileType = sourcecode.swift; path = SpacerS.swift; sourceTree = "<group>"; };
		10F0688D27C0ADAD00E13FA0 /* Inits.Enums.swift */ = {isa = PBXFileReference; lastKnownFileType = sourcecode.swift; path = Inits.Enums.swift; sourceTree = "<group>"; };
		10F7872027C51C6300D1A6FE /* AnimationCurves.swift */ = {isa = PBXFileReference; lastKnownFileType = sourcecode.swift; path = AnimationCurves.swift; sourceTree = "<group>"; };
		10FF019527C2EE430065E52C /* Buttons.swift */ = {isa = PBXFileReference; lastKnownFileType = sourcecode.swift; path = Buttons.swift; sourceTree = "<group>"; };
/* End PBXFileReference section */

/* Begin PBXFrameworksBuildPhase section */
		10DE66AD27BF177A004BBB1A /* Frameworks */ = {
			isa = PBXFrameworksBuildPhase;
			buildActionMask = 2147483647;
			files = (
			);
			runOnlyForDeploymentPostprocessing = 0;
		};
/* End PBXFrameworksBuildPhase section */

/* Begin PBXGroup section */
		10DE66A727BF177A004BBB1A = {
			isa = PBXGroup;
			children = (
				10DE66B227BF177A004BBB1A /* swiftUIBootCamp */,
				10DE66B127BF177A004BBB1A /* Products */,
			);
			sourceTree = "<group>";
		};
		10DE66B127BF177A004BBB1A /* Products */ = {
			isa = PBXGroup;
			children = (
				10DE66B027BF177A004BBB1A /* swiftUIBootCamp.app */,
			);
			name = Products;
			sourceTree = "<group>";
		};
		10DE66B227BF177A004BBB1A /* swiftUIBootCamp */ = {
			isa = PBXGroup;
			children = (
				10DE66B327BF177A004BBB1A /* swiftUIBootCampApp.swift */,
				10DE66B527BF177A004BBB1A /* ContentView.swift */,
				10DE66C127BF1BEA004BBB1A /* Text.swift */,
				10DE66C327BF28A2004BBB1A /* Shapes.swift */,
				103354A127BF3C7200F902A2 /* Colors.swift */,
				103354A327BF51A500F902A2 /* Gradients.swift */,
				103354A527BF5B6200F902A2 /* Icons.swift */,
				103354AD27BF67C900F902A2 /* ImageS.swift */,
				102E930227BF7C9100876725 /* Frame.swift */,
				10E5E4DF27C01CC20053DC26 /* Background.Overlay.swift */,
				105D4E6527C0456900658DCD /* VHZ.Stackts.swift */,
				10F0688B27C0A40200E13FA0 /* SpacerS.swift */,
				105D4E6727C0604D00658DCD /* Padding.swift */,
				10F0688D27C0ADAD00E13FA0 /* Inits.Enums.swift */,
				1074EBD727C1F595000A96D8 /* ForEach.loops.swift */,
				1074EBD927C20A00000A96D8 /* sScrollVIew.swift */,
				100730AB27C2220700AFAC23 /* LazyVHGrid.GridItems.swift */,
				100730AF27C2363900AFAC23 /* SaveArea.swift */,
				10FF019527C2EE430065E52C /* Buttons.swift */,
				108C9FAA27C317F4001136C2 /* AState.swift */,
				107D842627C34C55008BE955 /* ExtractFuncSubv.swift */,
				107D842827C35F59008BE955 /* ExctractSubviews.swift */,
				107D842A27C36838008BE955 /* bindingProperty.swift */,
				107D842C27C38664008BE955 /* If.Else.swift */,
				106F1F8C27C49AE000A60771 /* TernaryOperators.swift */,
				10C9DEAE27C4A18600482FD2 /* AddingAnimations.swift */,
				10F7872027C51C6300D1A6FE /* AnimationCurves.swift */,
				10BD330C27C5DDCA00B9FFA1 /* Transition.swift */,
				10BD330E27C5F6CD00B9FFA1 /* popUpSheets.FullScreenCovers.swift */,
				1025E18D27C72897001AD6EA /* SheetsTransitionPopOver.swift */,
				109292AE27C9F64C007CD963 /* NavigatiomView.Link.swift */,
				10D88D8B27CBC4CF003AC3FC /* List.add.edit.move.del.items.swift */,
				10D88D8D27CBFCFA003AC3FC /* Alerts.swift */,
				1043EE0727CD6AFB00E7A991 /* ActionSheets.swift */,
				104A3FD727CE115A00145C3D /* ContextMenu.swift */,
				104183AC27CE79EA004D2DB3 /* iTextField.swift */,
				104183AE27CE93D9004D2DB3 /* iTextEditor.swift */,
				104183B027CEA270004D2DB3 /* Toggle..swift */,
				10DE66B727BF177B004BBB1A /* Assets.xcassets */,
				10DE66B927BF177B004BBB1A /* Preview Content */,
			);
			path = swiftUIBootCamp;
			sourceTree = "<group>";
		};
		10DE66B927BF177B004BBB1A /* Preview Content */ = {
			isa = PBXGroup;
			children = (
				10DE66BA27BF177B004BBB1A /* Preview Assets.xcassets */,
			);
			path = "Preview Content";
			sourceTree = "<group>";
		};
/* End PBXGroup section */

/* Begin PBXNativeTarget section */
		10DE66AF27BF177A004BBB1A /* swiftUIBootCamp */ = {
			isa = PBXNativeTarget;
			buildConfigurationList = 10DE66BE27BF177B004BBB1A /* Build configuration list for PBXNativeTarget "swiftUIBootCamp" */;
			buildPhases = (
				10DE66AC27BF177A004BBB1A /* Sources */,
				10DE66AD27BF177A004BBB1A /* Frameworks */,
				10DE66AE27BF177A004BBB1A /* Resources */,
			);
			buildRules = (
			);
			dependencies = (
			);
			name = swiftUIBootCamp;
			productName = swiftUIBootCamp;
			productReference = 10DE66B027BF177A004BBB1A /* swiftUIBootCamp.app */;
			productType = "com.apple.product-type.application";
		};
/* End PBXNativeTarget section */

/* Begin PBXProject section */
		10DE66A827BF177A004BBB1A /* Project object */ = {
			isa = PBXProject;
			attributes = {
				BuildIndependentTargetsInParallel = 1;
				LastSwiftUpdateCheck = 1320;
				LastUpgradeCheck = 1320;
				TargetAttributes = {
					10DE66AF27BF177A004BBB1A = {
						CreatedOnToolsVersion = 13.2.1;
					};
				};
			};
			buildConfigurationList = 10DE66AB27BF177A004BBB1A /* Build configuration list for PBXProject "swiftUIBootCamp" */;
			compatibilityVersion = "Xcode 13.0";
			developmentRegion = en;
			hasScannedForEncodings = 0;
			knownRegions = (
				en,
				Base,
			);
			mainGroup = 10DE66A727BF177A004BBB1A;
			productRefGroup = 10DE66B127BF177A004BBB1A /* Products */;
			projectDirPath = "";
			projectRoot = "";
			targets = (
				10DE66AF27BF177A004BBB1A /* swiftUIBootCamp */,
			);
		};
/* End PBXProject section */

/* Begin PBXResourcesBuildPhase section */
		10DE66AE27BF177A004BBB1A /* Resources */ = {
			isa = PBXResourcesBuildPhase;
			buildActionMask = 2147483647;
			files = (
				10DE66BB27BF177B004BBB1A /* Preview Assets.xcassets in Resources */,
				10DE66B827BF177B004BBB1A /* Assets.xcassets in Resources */,
			);
			runOnlyForDeploymentPostprocessing = 0;
		};
/* End PBXResourcesBuildPhase section */

/* Begin PBXSourcesBuildPhase section */
		10DE66AC27BF177A004BBB1A /* Sources */ = {
			isa = PBXSourcesBuildPhase;
			buildActionMask = 2147483647;
			files = (
				100730AC27C2220700AFAC23 /* LazyVHGrid.GridItems.swift in Sources */,
				1043EE0827CD6AFB00E7A991 /* ActionSheets.swift in Sources */,
				10F7872127C51C6300D1A6FE /* AnimationCurves.swift in Sources */,
				102E930327BF7C9100876725 /* Frame.swift in Sources */,
				105D4E6627C0456900658DCD /* VHZ.Stackts.swift in Sources */,
				109292AF27C9F64C007CD963 /* NavigatiomView.Link.swift in Sources */,
				107D842727C34C55008BE955 /* ExtractFuncSubv.swift in Sources */,
				100730B027C2363900AFAC23 /* SaveArea.swift in Sources */,
				10E5E4E027C01CC20053DC26 /* Background.Overlay.swift in Sources */,
				107D842D27C38664008BE955 /* If.Else.swift in Sources */,
				10BD330F27C5F6CD00B9FFA1 /* popUpSheets.FullScreenCovers.swift in Sources */,
				103354A627BF5B6200F902A2 /* Icons.swift in Sources */,
				107D842927C35F59008BE955 /* ExctractSubviews.swift in Sources */,
				10D88D8C27CBC4CF003AC3FC /* List.add.edit.move.del.items.swift in Sources */,
				103354A227BF3C7200F902A2 /* Colors.swift in Sources */,
				10DE66C427BF28A2004BBB1A /* Shapes.swift in Sources */,
				10DE66B627BF177A004BBB1A /* ContentView.swift in Sources */,
				10DE66B427BF177A004BBB1A /* swiftUIBootCampApp.swift in Sources */,
				10BD330D27C5DDCA00B9FFA1 /* Transition.swift in Sources */,
				107D842B27C36838008BE955 /* bindingProperty.swift in Sources */,
				104183B127CEA270004D2DB3 /* Toggle..swift in Sources */,
				103354AE27BF67C900F902A2 /* ImageS.swift in Sources */,
				104183AD27CE79EB004D2DB3 /* iTextField.swift in Sources */,
				1074EBDA27C20A00000A96D8 /* sScrollVIew.swift in Sources */,
				10F0688C27C0A40200E13FA0 /* SpacerS.swift in Sources */,
				108C9FAB27C317F4001136C2 /* AState.swift in Sources */,
				10DE66C227BF1BEA004BBB1A /* Text.swift in Sources */,
				1025E18E27C72897001AD6EA /* SheetsTransitionPopOver.swift in Sources */,
				106F1F8D27C49AE000A60771 /* TernaryOperators.swift in Sources */,
				103354A427BF51A500F902A2 /* Gradients.swift in Sources */,
				1074EBD827C1F595000A96D8 /* ForEach.loops.swift in Sources */,
				10FF019627C2EE430065E52C /* Buttons.swift in Sources */,
				104A3FD827CE115A00145C3D /* ContextMenu.swift in Sources */,
				105D4E6827C0604D00658DCD /* Padding.swift in Sources */,
				10F0688E27C0ADAD00E13FA0 /* Inits.Enums.swift in Sources */,
				10D88D8E27CBFCFA003AC3FC /* Alerts.swift in Sources */,
				104183AF27CE93D9004D2DB3 /* iTextEditor.swift in Sources */,
				10C9DEAF27C4A18600482FD2 /* AddingAnimations.swift in Sources */,
			);
			runOnlyForDeploymentPostprocessing = 0;
		};
/* End PBXSourcesBuildPhase section */

/* Begin XCBuildConfiguration section */
		10DE66BC27BF177B004BBB1A /* Debug */ = {
			isa = XCBuildConfiguration;
			buildSettings = {
				ALWAYS_SEARCH_USER_PATHS = NO;
				CLANG_ANALYZER_NONNULL = YES;
				CLANG_ANALYZER_NUMBER_OBJECT_CONVERSION = YES_AGGRESSIVE;
				CLANG_CXX_LANGUAGE_STANDARD = "gnu++17";
				CLANG_CXX_LIBRARY = "libc++";
				CLANG_ENABLE_MODULES = YES;
				CLANG_ENABLE_OBJC_ARC = YES;
				CLANG_ENABLE_OBJC_WEAK = YES;
				CLANG_WARN_BLOCK_CAPTURE_AUTORELEASING = YES;
				CLANG_WARN_BOOL_CONVERSION = YES;
				CLANG_WARN_COMMA = YES;
				CLANG_WARN_CONSTANT_CONVERSION = YES;
				CLANG_WARN_DEPRECATED_OBJC_IMPLEMENTATIONS = YES;
				CLANG_WARN_DIRECT_OBJC_ISA_USAGE = YES_ERROR;
				CLANG_WARN_DOCUMENTATION_COMMENTS = YES;
				CLANG_WARN_EMPTY_BODY = YES;
				CLANG_WARN_ENUM_CONVERSION = YES;
				CLANG_WARN_INFINITE_RECURSION = YES;
				CLANG_WARN_INT_CONVERSION = YES;
				CLANG_WARN_NON_LITERAL_NULL_CONVERSION = YES;
				CLANG_WARN_OBJC_IMPLICIT_RETAIN_SELF = YES;
				CLANG_WARN_OBJC_LITERAL_CONVERSION = YES;
				CLANG_WARN_OBJC_ROOT_CLASS = YES_ERROR;
				CLANG_WARN_QUOTED_INCLUDE_IN_FRAMEWORK_HEADER = YES;
				CLANG_WARN_RANGE_LOOP_ANALYSIS = YES;
				CLANG_WARN_STRICT_PROTOTYPES = YES;
				CLANG_WARN_SUSPICIOUS_MOVE = YES;
				CLANG_WARN_UNGUARDED_AVAILABILITY = YES_AGGRESSIVE;
				CLANG_WARN_UNREACHABLE_CODE = YES;
				CLANG_WARN__DUPLICATE_METHOD_MATCH = YES;
				COPY_PHASE_STRIP = NO;
				DEBUG_INFORMATION_FORMAT = dwarf;
				ENABLE_STRICT_OBJC_MSGSEND = YES;
				ENABLE_TESTABILITY = YES;
				GCC_C_LANGUAGE_STANDARD = gnu11;
				GCC_DYNAMIC_NO_PIC = NO;
				GCC_NO_COMMON_BLOCKS = YES;
				GCC_OPTIMIZATION_LEVEL = 0;
				GCC_PREPROCESSOR_DEFINITIONS = (
					"DEBUG=1",
					"$(inherited)",
				);
				GCC_WARN_64_TO_32_BIT_CONVERSION = YES;
				GCC_WARN_ABOUT_RETURN_TYPE = YES_ERROR;
				GCC_WARN_UNDECLARED_SELECTOR = YES;
				GCC_WARN_UNINITIALIZED_AUTOS = YES_AGGRESSIVE;
				GCC_WARN_UNUSED_FUNCTION = YES;
				GCC_WARN_UNUSED_VARIABLE = YES;
				IPHONEOS_DEPLOYMENT_TARGET = 15.2;
				MTL_ENABLE_DEBUG_INFO = INCLUDE_SOURCE;
				MTL_FAST_MATH = YES;
				ONLY_ACTIVE_ARCH = YES;
				SDKROOT = iphoneos;
				SWIFT_ACTIVE_COMPILATION_CONDITIONS = DEBUG;
				SWIFT_OPTIMIZATION_LEVEL = "-Onone";
			};
			name = Debug;
		};
		10DE66BD27BF177B004BBB1A /* Release */ = {
			isa = XCBuildConfiguration;
			buildSettings = {
				ALWAYS_SEARCH_USER_PATHS = NO;
				CLANG_ANALYZER_NONNULL = YES;
				CLANG_ANALYZER_NUMBER_OBJECT_CONVERSION = YES_AGGRESSIVE;
				CLANG_CXX_LANGUAGE_STANDARD = "gnu++17";
				CLANG_CXX_LIBRARY = "libc++";
				CLANG_ENABLE_MODULES = YES;
				CLANG_ENABLE_OBJC_ARC = YES;
				CLANG_ENABLE_OBJC_WEAK = YES;
				CLANG_WARN_BLOCK_CAPTURE_AUTORELEASING = YES;
				CLANG_WARN_BOOL_CONVERSION = YES;
				CLANG_WARN_COMMA = YES;
				CLANG_WARN_CONSTANT_CONVERSION = YES;
				CLANG_WARN_DEPRECATED_OBJC_IMPLEMENTATIONS = YES;
				CLANG_WARN_DIRECT_OBJC_ISA_USAGE = YES_ERROR;
				CLANG_WARN_DOCUMENTATION_COMMENTS = YES;
				CLANG_WARN_EMPTY_BODY = YES;
				CLANG_WARN_ENUM_CONVERSION = YES;
				CLANG_WARN_INFINITE_RECURSION = YES;
				CLANG_WARN_INT_CONVERSION = YES;
				CLANG_WARN_NON_LITERAL_NULL_CONVERSION = YES;
				CLANG_WARN_OBJC_IMPLICIT_RETAIN_SELF = YES;
				CLANG_WARN_OBJC_LITERAL_CONVERSION = YES;
				CLANG_WARN_OBJC_ROOT_CLASS = YES_ERROR;
				CLANG_WARN_QUOTED_INCLUDE_IN_FRAMEWORK_HEADER = YES;
				CLANG_WARN_RANGE_LOOP_ANALYSIS = YES;
				CLANG_WARN_STRICT_PROTOTYPES = YES;
				CLANG_WARN_SUSPICIOUS_MOVE = YES;
				CLANG_WARN_UNGUARDED_AVAILABILITY = YES_AGGRESSIVE;
				CLANG_WARN_UNREACHABLE_CODE = YES;
				CLANG_WARN__DUPLICATE_METHOD_MATCH = YES;
				COPY_PHASE_STRIP = NO;
				DEBUG_INFORMATION_FORMAT = "dwarf-with-dsym";
				ENABLE_NS_ASSERTIONS = NO;
				ENABLE_STRICT_OBJC_MSGSEND = YES;
				GCC_C_LANGUAGE_STANDARD = gnu11;
				GCC_NO_COMMON_BLOCKS = YES;
				GCC_WARN_64_TO_32_BIT_CONVERSION = YES;
				GCC_WARN_ABOUT_RETURN_TYPE = YES_ERROR;
				GCC_WARN_UNDECLARED_SELECTOR = YES;
				GCC_WARN_UNINITIALIZED_AUTOS = YES_AGGRESSIVE;
				GCC_WARN_UNUSED_FUNCTION = YES;
				GCC_WARN_UNUSED_VARIABLE = YES;
				IPHONEOS_DEPLOYMENT_TARGET = 15.2;
				MTL_ENABLE_DEBUG_INFO = NO;
				MTL_FAST_MATH = YES;
				SDKROOT = iphoneos;
				SWIFT_COMPILATION_MODE = wholemodule;
				SWIFT_OPTIMIZATION_LEVEL = "-O";
				VALIDATE_PRODUCT = YES;
			};
			name = Release;
		};
		10DE66BF27BF177B004BBB1A /* Debug */ = {
			isa = XCBuildConfiguration;
			buildSettings = {
				ASSETCATALOG_COMPILER_APPICON_NAME = AppIcon;
				ASSETCATALOG_COMPILER_GLOBAL_ACCENT_COLOR_NAME = AccentColor;
				CODE_SIGN_STYLE = Automatic;
				CURRENT_PROJECT_VERSION = 1;
				DEVELOPMENT_ASSET_PATHS = "\"swiftUIBootCamp/Preview Content\"";
				DEVELOPMENT_TEAM = WTTP3XASSU;
				ENABLE_PREVIEWS = YES;
				GENERATE_INFOPLIST_FILE = YES;
				INFOPLIST_KEY_UIApplicationSceneManifest_Generation = YES;
				INFOPLIST_KEY_UIApplicationSupportsIndirectInputEvents = YES;
				INFOPLIST_KEY_UILaunchScreen_Generation = YES;
				INFOPLIST_KEY_UISupportedInterfaceOrientations = "UIInterfaceOrientationPortrait UIInterfaceOrientationLandscapeLeft UIInterfaceOrientationLandscapeRight";
				INFOPLIST_KEY_UISupportedInterfaceOrientations_iPad = "UIInterfaceOrientationPortrait UIInterfaceOrientationPortraitUpsideDown UIInterfaceOrientationLandscapeLeft UIInterfaceOrientationLandscapeRight";
				INFOPLIST_KEY_UISupportedInterfaceOrientations_iPhone = "UIInterfaceOrientationPortrait UIInterfaceOrientationLandscapeLeft UIInterfaceOrientationLandscapeRight";
				LD_RUNPATH_SEARCH_PATHS = (
					"$(inherited)",
					"@executable_path/Frameworks",
				);
				MARKETING_VERSION = 1.0;
				PRODUCT_BUNDLE_IDENTIFIER = adh.swiftUIBootCamp;
				PRODUCT_NAME = "$(TARGET_NAME)";
				SWIFT_EMIT_LOC_STRINGS = YES;
				SWIFT_VERSION = 5.0;
				TARGETED_DEVICE_FAMILY = "1,2";
			};
			name = Debug;
		};
		10DE66C027BF177B004BBB1A /* Release */ = {
			isa = XCBuildConfiguration;
			buildSettings = {
				ASSETCATALOG_COMPILER_APPICON_NAME = AppIcon;
				ASSETCATALOG_COMPILER_GLOBAL_ACCENT_COLOR_NAME = AccentColor;
				CODE_SIGN_STYLE = Automatic;
				CURRENT_PROJECT_VERSION = 1;
				DEVELOPMENT_ASSET_PATHS = "\"swiftUIBootCamp/Preview Content\"";
				DEVELOPMENT_TEAM = WTTP3XASSU;
				ENABLE_PREVIEWS = YES;
				GENERATE_INFOPLIST_FILE = YES;
				INFOPLIST_KEY_UIApplicationSceneManifest_Generation = YES;
				INFOPLIST_KEY_UIApplicationSupportsIndirectInputEvents = YES;
				INFOPLIST_KEY_UILaunchScreen_Generation = YES;
				INFOPLIST_KEY_UISupportedInterfaceOrientations = "UIInterfaceOrientationPortrait UIInterfaceOrientationLandscapeLeft UIInterfaceOrientationLandscapeRight";
				INFOPLIST_KEY_UISupportedInterfaceOrientations_iPad = "UIInterfaceOrientationPortrait UIInterfaceOrientationPortraitUpsideDown UIInterfaceOrientationLandscapeLeft UIInterfaceOrientationLandscapeRight";
				INFOPLIST_KEY_UISupportedInterfaceOrientations_iPhone = "UIInterfaceOrientationPortrait UIInterfaceOrientationLandscapeLeft UIInterfaceOrientationLandscapeRight";
				LD_RUNPATH_SEARCH_PATHS = (
					"$(inherited)",
					"@executable_path/Frameworks",
				);
				MARKETING_VERSION = 1.0;
				PRODUCT_BUNDLE_IDENTIFIER = adh.swiftUIBootCamp;
				PRODUCT_NAME = "$(TARGET_NAME)";
				SWIFT_EMIT_LOC_STRINGS = YES;
				SWIFT_VERSION = 5.0;
				TARGETED_DEVICE_FAMILY = "1,2";
			};
			name = Release;
		};
/* End XCBuildConfiguration section */

/* Begin XCConfigurationList section */
		10DE66AB27BF177A004BBB1A /* Build configuration list for PBXProject "swiftUIBootCamp" */ = {
			isa = XCConfigurationList;
			buildConfigurations = (
				10DE66BC27BF177B004BBB1A /* Debug */,
				10DE66BD27BF177B004BBB1A /* Release */,
			);
			defaultConfigurationIsVisible = 0;
			defaultConfigurationName = Release;
		};
		10DE66BE27BF177B004BBB1A /* Build configuration list for PBXNativeTarget "swiftUIBootCamp" */ = {
			isa = XCConfigurationList;
			buildConfigurations = (
				10DE66BF27BF177B004BBB1A /* Debug */,
				10DE66C027BF177B004BBB1A /* Release */,
			);
			defaultConfigurationIsVisible = 0;
			defaultConfigurationName = Release;
		};
/* End XCConfigurationList section */
	};
	rootObject = 10DE66A827BF177A004BBB1A /* Project object */;
}
